
Microsoft Visual Studio Solution File, Format Version 12.00
# Visual Studio Version 16
VisualStudioVersion = 16.0.34031.81
MinimumVisualStudioVersion = 10.0.40219.1
Project("{FAE04EC0-301F-11D3-BF4B-00C04F79EFBC}") = "1", "1\1.csproj", "{D6C27ED5-6BD9-482B-B475-20918E72022F}"
EndProject
Project("{FAE04EC0-301F-11D3-BF4B-00C04F79EFBC}") = "z2", "z2\z2.csproj", "{5913AEBF-E726-47C4-B55F-12AA1C0BA250}"
EndProject
Project("{FAE04EC0-301F-11D3-BF4B-00C04F79EFBC}") = "3", "3\3.csproj", "{9E8CC1B5-1EE4-4A3C-BA1E-84D0387CDE67}"
EndProject
Project("{FAE04EC0-301F-11D3-BF4B-00C04F79EFBC}") = "4", "4\4.csproj", "{930FC5D6-AD74-444E-8F36-C608E9D7EAB1}"
EndProject
Global
	GlobalSection(SolutionConfigurationPlatforms) = preSolution
		Debug|Any CPU = Debug|Any CPU
		Release|Any CPU = Release|Any CPU
	EndGlobalSection
	GlobalSection(ProjectConfigurationPlatforms) = postSolution
		{D6C27ED5-6BD9-482B-B475-20918E72022F}.Debug|Any CPU.ActiveCfg = Debug|Any CPU
		{D6C27ED5-6BD9-482B-B475-20918E72022F}.Debug|Any CPU.Build.0 = Debug|Any CPU
		{D6C27ED5-6BD9-482B-B475-20918E72022F}.Release|Any CPU.ActiveCfg = Release|Any CPU
		{D6C27ED5-6BD9-482B-B475-20918E72022F}.Release|Any CPU.Build.0 = Release|Any CPU
		{5913AEBF-E726-47C4-B55F-12AA1C0BA250}.Debug|Any CPU.ActiveCfg = Debug|Any CPU
		{5913AEBF-E726-47C4-B55F-12AA1C0BA250}.Debug|Any CPU.Build.0 = Debug|Any CPU
		{5913AEBF-E726-47C4-B55F-12AA1C0BA250}.Release|Any CPU.ActiveCfg = Release|Any CPU
		{5913AEBF-E726-47C4-B55F-12AA1C0BA250}.Release|Any CPU.Build.0 = Release|Any CPU
		{9E8CC1B5-1EE4-4A3C-BA1E-84D0387CDE67}.Debug|Any CPU.ActiveCfg = Debug|Any CPU
		{9E8CC1B5-1EE4-4A3C-BA1E-84D0387CDE67}.Debug|Any CPU.Build.0 = Debug|Any CPU
		{9E8CC1B5-1EE4-4A3C-BA1E-84D0387CDE67}.Release|Any CPU.ActiveCfg = Release|Any CPU
		{9E8CC1B5-1EE4-4A3C-BA1E-84D0387CDE67}.Release|Any CPU.Build.0 = Release|Any CPU
		{930FC5D6-AD74-444E-8F36-C608E9D7EAB1}.Debug|Any CPU.ActiveCfg = Debug|Any CPU
		{930FC5D6-AD74-444E-8F36-C608E9D7EAB1}.Debug|Any CPU.Build.0 = Debug|Any CPU
		{930FC5D6-AD74-444E-8F36-C608E9D7EAB1}.Release|Any CPU.ActiveCfg = Release|Any CPU
		{930FC5D6-AD74-444E-8F36-C608E9D7EAB1}.Release|Any CPU.Build.0 = Release|Any CPU
	EndGlobalSection
	GlobalSection(SolutionProperties) = preSolution
		HideSolutionNode = FALSE
	EndGlobalSection
	GlobalSection(ExtensibilityGlobals) = postSolution
		SolutionGuid = {648C0EF9-B9B7-4634-9C23-C40D2DA762E3}
	EndGlobalSection
EndGlobal
